{
  "version": 4,
  "terraform_version": "1.6.1",
  "serial": 60,
  "lineage": "2c139e13-fdfc-9f48-d6eb-ca5eb17fb8b0",
  "outputs": {
    "aws_region": {
      "value": "us-east-1",
      "type": "string"
    },
    "eks_cluster_endpoint": {
      "value": "https://D0B094278A58D4085A16BC543BD2F9A4.gr7.us-east-1.eks.amazonaws.com",
      "type": "string"
    },
    "eks_cluster_name": {
      "value": "xyz-eks-cluster",
      "type": "string"
    },
    "eks_cluster_security_group_id": {
      "value": "sg-0241a0a4de5a0f6a4",
      "type": "string"
    },
    "private_subnet_az1": {
      "value": "subnet-04daa3f4253f0bb9a",
      "type": "string"
    },
    "private_subnet_az2": {
      "value": "subnet-03a3aee5431d2f98f",
      "type": "string"
    },
    "vpc_id": {
      "value": "vpc-078e2a01c934803d4",
      "type": "string"
    }
  },
  "resources": [
    {
      "mode": "data",
      "type": "aws_region",
      "name": "current",
      "provider": "provider[\"registry.terraform.io/hashicorp/aws\"]",
      "instances": [
        {
          "schema_version": 0,
          "attributes": {
            "description": "US East (N. Virginia)",
            "endpoint": "ec2.us-east-1.amazonaws.com",
            "id": "us-east-1",
            "name": "us-east-1"
          },
          "sensitive_attributes": []
        }
      ]
    },
    {
      "mode": "managed",
      "type": "aws_eks_cluster",
      "name": "xyz_cluster",
      "provider": "provider[\"registry.terraform.io/hashicorp/aws\"]",
      "instances": [
        {
          "schema_version": 0,
          "attributes": {
            "arn": "arn:aws:eks:us-east-1:910883278292:cluster/xyz-eks-cluster",
            "certificate_authority": [
              {
                "data": "LS0tLS1CRUdJTiBDRVJUSUZJQ0FURS0tLS0tCk1JSURCVENDQWUyZ0F3SUJBZ0lJUjFjZTV2QUMvaFl3RFFZSktvWklodmNOQVFFTEJRQXdGVEVUTUJFR0ExVUUKQXhNS2EzVmlaWEp1WlhSbGN6QWVGdzB5TXpFd01UY3lNVFUxTVROYUZ3MHpNekV3TVRReU1qQXdNVE5hTUJVeApFekFSQmdOVkJBTVRDbXQxWW1WeWJtVjBaWE13Z2dFaU1BMEdDU3FHU0liM0RRRUJBUVVBQTRJQkR3QXdnZ0VLCkFvSUJBUUM4enpyK3dxcnM3WVBaM1Bic2FZUG9TNndsbUVTZTFnVW5EanQwbDhicGd3QTJnd0NpMWNWYTBEOWsKZHRLNTlKVEJsVWtETEJwVytkeWNmaGpSS0FXd0U0RHRlRUY4TE5EeE9zbTd0MlhQYXB2QU1jRHNHSlA1S1lEdQpFQ0N6WVVMbVV5RTBWam5aVEhIMDdjb3NYTmVObGpWaUhnaVpESUpyWDJZZTZoVlZpRVQ4MXlSODdycnNRWEdTCmsvSkliQnR5MnkzS25TczdiZUdnd2dwamllWWQyM0Rjd1dXNzVhL1R1aytIam8zWEJRUkhKREJaZk5KNnlSLzMKYlZOazM0eW1YR3o4NXI1aytEcFl0L1JLYjM3b1N4L3lmZ254YyttUCt3aFZtYlBBcGgyVVRUeU44KytFNEM5eAplQ2U3UzZnRi9ucWZhOG5kaG8xenNZYXZkWHVOQWdNQkFBR2pXVEJYTUE0R0ExVWREd0VCL3dRRUF3SUNwREFQCkJnTlZIUk1CQWY4RUJUQURBUUgvTUIwR0ExVWREZ1FXQkJUN2VBWmVadjZ2cnVYNVpDak5HRzE3U3V6d29EQVYKQmdOVkhSRUVEakFNZ2dwcmRXSmxjbTVsZEdWek1BMEdDU3FHU0liM0RRRUJDd1VBQTRJQkFRQzJ3aDVaTmg1SgovQzV2cWdsMEFWUjBRVThNYVhzU01FRWFoS2ZOR2pKeEx6MGNLMHJSRk5VV0tvZktiR1VDcytQbVcwTXdqQVBoCkxGRkw3S3hITTc5aG1xak5mODFENU1ZMkRQcGp6L01ZYkx5bWhPYm85RkJ4V2ozNFhCMnNaSjV4MGpKMW1mRjYKN3hEUTlEQlJZS0xiTzRCTXA5dVVlcm5xckpFQnhSS0poSGNBOFFDakYzOVY0cjJ4a3A3anN1RDZRQmJvbjlrMgp6Q3cwUEswdHNub1g4b0R4YlhCb3FPL211YWRna0tkamtVcjlmWnFteTRGRm9IUkk1djE0amlHZ0tQcFNrQ0h6Cm82OEpsK0JiYUY4UDlhakswTGRNWnZId0gxVnlNY3FhSjlkM1lHRThqMkY2ZnVWQkhGWFdsTXg1R05MU2NkbDYKd0NpYTVaRUtub2lUCi0tLS0tRU5EIENFUlRJRklDQVRFLS0tLS0K"
              }
            ],
            "cluster_id": null,
            "created_at": "2023-10-17 21:55:32.516 +0000 UTC",
            "enabled_cluster_log_types": [],
            "encryption_config": [],
            "endpoint": "https://D0B094278A58D4085A16BC543BD2F9A4.gr7.us-east-1.eks.amazonaws.com",
            "id": "xyz-eks-cluster",
            "identity": [
              {
                "oidc": [
                  {
                    "issuer": "https://oidc.eks.us-east-1.amazonaws.com/id/D0B094278A58D4085A16BC543BD2F9A4"
                  }
                ]
              }
            ],
            "kubernetes_network_config": [
              {
                "ip_family": "ipv4",
                "service_ipv4_cidr": "172.20.0.0/16",
                "service_ipv6_cidr": ""
              }
            ],
            "name": "xyz-eks-cluster",
            "outpost_config": [],
            "platform_version": "eks.6",
            "role_arn": "arn:aws:iam::910883278292:role/eks-cluster-role-tf2",
            "status": "ACTIVE",
            "tags": {},
            "tags_all": {},
            "timeouts": null,
            "version": "1.27",
            "vpc_config": [
              {
                "cluster_security_group_id": "sg-01d1ffea70aee4458",
                "endpoint_private_access": false,
                "endpoint_public_access": true,
                "public_access_cidrs": [
                  "0.0.0.0/0"
                ],
                "security_group_ids": [],
                "subnet_ids": [
                  "subnet-03a3aee5431d2f98f",
                  "subnet-04daa3f4253f0bb9a"
                ],
                "vpc_id": "vpc-078e2a01c934803d4"
              }
            ]
          },
          "sensitive_attributes": [],
          "private": "eyJlMmJmYjczMC1lY2FhLTExZTYtOGY4OC0zNDM2M2JjN2M0YzAiOnsiY3JlYXRlIjoxODAwMDAwMDAwMDAwLCJkZWxldGUiOjkwMDAwMDAwMDAwMCwidXBkYXRlIjozNjAwMDAwMDAwMDAwfX0=",
          "dependencies": [
            "aws_iam_role.eks_cluster",
            "aws_subnet.private_subnet_az1",
            "aws_subnet.private_subnet_az2",
            "aws_vpc.main"
          ]
        }
      ]
    },
    {
      "mode": "managed",
      "type": "aws_eks_node_group",
      "name": "xyz_node_group",
      "provider": "provider[\"registry.terraform.io/hashicorp/aws\"]",
      "instances": [
        {
          "status": "tainted",
          "schema_version": 0,
          "attributes": {
            "ami_type": null,
            "arn": null,
            "capacity_type": null,
            "cluster_name": "xyz-eks-cluster",
            "disk_size": null,
            "force_update_version": null,
            "id": "xyz-eks-cluster:xyz-node-group",
            "instance_types": [
              "t2.nano"
            ],
            "labels": null,
            "launch_template": [],
            "node_group_name": "xyz-node-group",
            "node_group_name_prefix": null,
            "node_role_arn": "arn:aws:iam::910883278292:role/eks-cluster-role-tf2",
            "release_version": null,
            "remote_access": [],
            "resources": null,
            "scaling_config": [
              {
                "desired_size": 2,
                "max_size": 3,
                "min_size": 1
              }
            ],
            "status": null,
            "subnet_ids": [
              "subnet-03a3aee5431d2f98f",
              "subnet-04daa3f4253f0bb9a"
            ],
            "tags": null,
            "tags_all": null,
            "taint": [],
            "timeouts": null,
            "update_config": null,
            "version": null
          },
          "sensitive_attributes": [],
          "private": "eyJlMmJmYjczMC1lY2FhLTExZTYtOGY4OC0zNDM2M2JjN2M0YzAiOnsiY3JlYXRlIjozNjAwMDAwMDAwMDAwLCJkZWxldGUiOjM2MDAwMDAwMDAwMDAsInVwZGF0ZSI6MzYwMDAwMDAwMDAwMH19",
          "dependencies": [
            "aws_eks_cluster.xyz_cluster",
            "aws_iam_role.eks_cluster",
            "aws_subnet.private_subnet_az1",
            "aws_subnet.private_subnet_az2",
            "aws_vpc.main"
          ]
        }
      ]
    },
    {
      "mode": "managed",
      "type": "aws_iam_role",
      "name": "eks_cluster",
      "provider": "provider[\"registry.terraform.io/hashicorp/aws\"]",
      "instances": [
        {
          "schema_version": 0,
          "attributes": {
            "arn": "arn:aws:iam::910883278292:role/eks-cluster-role-tf2",
            "assume_role_policy": "{\"Statement\":[{\"Action\":\"sts:AssumeRole\",\"Effect\":\"Allow\",\"Principal\":{\"Service\":\"eks.amazonaws.com\"}},{\"Action\":\"sts:AssumeRole\",\"Effect\":\"Allow\",\"Principal\":{\"Service\":\"ec2.amazonaws.com\"}}],\"Version\":\"2012-10-17\"}",
            "create_date": "2023-10-17T21:55:17Z",
            "description": "",
            "force_detach_policies": false,
            "id": "eks-cluster-role-tf2",
            "inline_policy": [],
            "managed_policy_arns": [],
            "max_session_duration": 3600,
            "name": "eks-cluster-role-tf2",
            "name_prefix": "",
            "path": "/",
            "permissions_boundary": null,
            "tags": {},
            "tags_all": {},
            "unique_id": "AROA5IFG7ZXKGNQ4ZSIO6"
          },
          "sensitive_attributes": [],
          "private": "bnVsbA=="
        }
      ]
    },
    {
      "mode": "managed",
      "type": "aws_security_group",
      "name": "eks_cluster_sg",
      "provider": "provider[\"registry.terraform.io/hashicorp/aws\"]",
      "instances": [
        {
          "schema_version": 1,
          "attributes": {
            "arn": "arn:aws:ec2:us-east-1:910883278292:security-group/sg-0241a0a4de5a0f6a4",
            "description": "EKS Cluster Security Group",
            "egress": [],
            "id": "sg-0241a0a4de5a0f6a4",
            "ingress": [
              {
                "cidr_blocks": [
                  "0.0.0.0/0"
                ],
                "description": "",
                "from_port": 0,
                "ipv6_cidr_blocks": [],
                "prefix_list_ids": [],
                "protocol": "tcp",
                "security_groups": [],
                "self": false,
                "to_port": 65535
              }
            ],
            "name": "eks-cluster-sg",
            "name_prefix": "",
            "owner_id": "910883278292",
            "revoke_rules_on_delete": false,
            "tags": {},
            "tags_all": {},
            "timeouts": null,
            "vpc_id": "vpc-078e2a01c934803d4"
          },
          "sensitive_attributes": [],
          "private": "eyJlMmJmYjczMC1lY2FhLTExZTYtOGY4OC0zNDM2M2JjN2M0YzAiOnsiY3JlYXRlIjo2MDAwMDAwMDAwMDAsImRlbGV0ZSI6OTAwMDAwMDAwMDAwfSwic2NoZW1hX3ZlcnNpb24iOiIxIn0=",
          "dependencies": [
            "aws_vpc.main"
          ]
        }
      ]
    },
    {
      "mode": "managed",
      "type": "aws_subnet",
      "name": "private_subnet_az1",
      "provider": "provider[\"registry.terraform.io/hashicorp/aws\"]",
      "instances": [
        {
          "schema_version": 1,
          "attributes": {
            "arn": "arn:aws:ec2:us-east-1:910883278292:subnet/subnet-04daa3f4253f0bb9a",
            "assign_ipv6_address_on_creation": false,
            "availability_zone": "us-east-1a",
            "availability_zone_id": "use1-az4",
            "cidr_block": "10.0.1.0/24",
            "customer_owned_ipv4_pool": "",
            "enable_dns64": false,
            "enable_lni_at_device_index": 0,
            "enable_resource_name_dns_a_record_on_launch": false,
            "enable_resource_name_dns_aaaa_record_on_launch": false,
            "id": "subnet-04daa3f4253f0bb9a",
            "ipv6_cidr_block": "",
            "ipv6_cidr_block_association_id": "",
            "ipv6_native": false,
            "map_customer_owned_ip_on_launch": false,
            "map_public_ip_on_launch": false,
            "outpost_arn": "",
            "owner_id": "910883278292",
            "private_dns_hostname_type_on_launch": "ip-name",
            "tags": {
              "Name": "private-subnet-us-east-1a"
            },
            "tags_all": {
              "Name": "private-subnet-us-east-1a"
            },
            "timeouts": null,
            "vpc_id": "vpc-078e2a01c934803d4"
          },
          "sensitive_attributes": [],
          "private": "eyJlMmJmYjczMC1lY2FhLTExZTYtOGY4OC0zNDM2M2JjN2M0YzAiOnsiY3JlYXRlIjo2MDAwMDAwMDAwMDAsImRlbGV0ZSI6MTIwMDAwMDAwMDAwMH0sInNjaGVtYV92ZXJzaW9uIjoiMSJ9",
          "dependencies": [
            "aws_vpc.main"
          ]
        }
      ]
    },
    {
      "mode": "managed",
      "type": "aws_subnet",
      "name": "private_subnet_az2",
      "provider": "provider[\"registry.terraform.io/hashicorp/aws\"]",
      "instances": [
        {
          "schema_version": 1,
          "attributes": {
            "arn": "arn:aws:ec2:us-east-1:910883278292:subnet/subnet-03a3aee5431d2f98f",
            "assign_ipv6_address_on_creation": false,
            "availability_zone": "us-east-1b",
            "availability_zone_id": "use1-az6",
            "cidr_block": "10.0.2.0/24",
            "customer_owned_ipv4_pool": "",
            "enable_dns64": false,
            "enable_lni_at_device_index": 0,
            "enable_resource_name_dns_a_record_on_launch": false,
            "enable_resource_name_dns_aaaa_record_on_launch": false,
            "id": "subnet-03a3aee5431d2f98f",
            "ipv6_cidr_block": "",
            "ipv6_cidr_block_association_id": "",
            "ipv6_native": false,
            "map_customer_owned_ip_on_launch": false,
            "map_public_ip_on_launch": false,
            "outpost_arn": "",
            "owner_id": "910883278292",
            "private_dns_hostname_type_on_launch": "ip-name",
            "tags": {
              "Name": "private-subnet-us-east-1b"
            },
            "tags_all": {
              "Name": "private-subnet-us-east-1b"
            },
            "timeouts": null,
            "vpc_id": "vpc-078e2a01c934803d4"
          },
          "sensitive_attributes": [],
          "private": "eyJlMmJmYjczMC1lY2FhLTExZTYtOGY4OC0zNDM2M2JjN2M0YzAiOnsiY3JlYXRlIjo2MDAwMDAwMDAwMDAsImRlbGV0ZSI6MTIwMDAwMDAwMDAwMH0sInNjaGVtYV92ZXJzaW9uIjoiMSJ9",
          "dependencies": [
            "aws_vpc.main"
          ]
        }
      ]
    },
    {
      "mode": "managed",
      "type": "aws_vpc",
      "name": "main",
      "provider": "provider[\"registry.terraform.io/hashicorp/aws\"]",
      "instances": [
        {
          "schema_version": 1,
          "attributes": {
            "arn": "arn:aws:ec2:us-east-1:910883278292:vpc/vpc-078e2a01c934803d4",
            "assign_generated_ipv6_cidr_block": false,
            "cidr_block": "10.0.0.0/16",
            "default_network_acl_id": "acl-01b950cbe6d9690c1",
            "default_route_table_id": "rtb-03e3cc2b6d85335f5",
            "default_security_group_id": "sg-090cb729dfd0e63ab",
            "dhcp_options_id": "dopt-0bcf8dca3b3aff03c",
            "enable_dns_hostnames": true,
            "enable_dns_support": true,
            "enable_network_address_usage_metrics": false,
            "id": "vpc-078e2a01c934803d4",
            "instance_tenancy": "default",
            "ipv4_ipam_pool_id": null,
            "ipv4_netmask_length": null,
            "ipv6_association_id": "",
            "ipv6_cidr_block": "",
            "ipv6_cidr_block_network_border_group": "",
            "ipv6_ipam_pool_id": "",
            "ipv6_netmask_length": 0,
            "main_route_table_id": "rtb-03e3cc2b6d85335f5",
            "owner_id": "910883278292",
            "tags": {
              "Name": "main-vpc"
            },
            "tags_all": {
              "Name": "main-vpc"
            }
          },
          "sensitive_attributes": [],
          "private": "eyJzY2hlbWFfdmVyc2lvbiI6IjEifQ=="
        }
      ]
    }
  ],
  "check_results": null
}
