{
  "version": 4,
  "terraform_version": "1.6.1",
  "serial": 10,
  "lineage": "2c139e13-fdfc-9f48-d6eb-ca5eb17fb8b0",
  "outputs": {},
  "resources": [
    {
      "mode": "managed",
      "type": "aws_eks_cluster",
      "name": "xyz_cluster",
      "provider": "provider[\"registry.terraform.io/hashicorp/aws\"]",
      "instances": [
        {
          "schema_version": 0,
          "attributes": {
            "arn": "arn:aws:eks:us-east-1:910883278292:cluster/xyz-eks-cluster",
            "certificate_authority": [
              {
                "data": "LS0tLS1CRUdJTiBDRVJUSUZJQ0FURS0tLS0tCk1JSURCVENDQWUyZ0F3SUJBZ0lJUGZ5N2Q3ZUtFZGN3RFFZSktvWklodmNOQVFFTEJRQXdGVEVUTUJFR0ExVUUKQXhNS2EzVmlaWEp1WlhSbGN6QWVGdzB5TXpFd01UY3hOak13TVRCYUZ3MHpNekV3TVRReE5qTTFNVEJhTUJVeApFekFSQmdOVkJBTVRDbXQxWW1WeWJtVjBaWE13Z2dFaU1BMEdDU3FHU0liM0RRRUJBUVVBQTRJQkR3QXdnZ0VLCkFvSUJBUURBZlNpRVBwaFhhZjJvVUN0aHpNcU5sd1hxOTJUS2llVEQzbWd2MFpsVUFtNFRDQ3ZvQ21JNTdQVGkKZC9XOTZZdEU0QVZtSFFkK3FTQmhjelVaT3V4VjErM0ZHV01qRFJQdHM3WUtNNVdQcjlPUThKNk5ZQVRSRDBXRQozdkJkVEhBOHFSdmEvUFEzbnVyL3dXL01rU1owYmR6Z1lOTnZvU0dPaEV0YmRHYXduQk5tOEkxbDhpcGRGMi9SCkE5RGJsajdxRGluUDNTWVFaSnVkbVdEZndNdkNWbzFyVTl6aXYrWnYvK3djclF3SCsvS3dNay9WcHhFVXNDRkEKNnFTTkYyVnUzWlJjaWQrblovVHJZVnRUZ21mMnhyb2pCdjRNbWMzY2tqUTZhYjJTMmZjRkduNGFjR3RzTW9PRgp4d1c4NmdrN0Zsb0ZNMXBZUmFqM1hMOVI3bjFUQWdNQkFBR2pXVEJYTUE0R0ExVWREd0VCL3dRRUF3SUNwREFQCkJnTlZIUk1CQWY4RUJUQURBUUgvTUIwR0ExVWREZ1FXQkJScE5reG9ydSs0YlRIS1Y2WVVFOHpVZFhRK1dUQVYKQmdOVkhSRUVEakFNZ2dwcmRXSmxjbTVsZEdWek1BMEdDU3FHU0liM0RRRUJDd1VBQTRJQkFRQVkvVFVlVWpEYgo3VkNYc3A0cXlRM1QwaGRBd3ErY2JBdlBOeUxWci9kRkhmeVNmRGNBVXYrbHErV3RWUzF4MDNLK2RPZ0tJWHQyCm40VitnSEZReCs4WlJMdVpxdGo4QW9mL0Y3bVFnMklPYkpzU1E4ZTU2OHlML1NUZmdaTkpvZ0I3cHo4b2w5Tm0KakRQNEtqNlBLZXl3RlYvbUM1UXB2U20wamR2cnFGSUp0WHBLcVRyQVhXVTZIVG5zYVU3TDFqcnFkSVlPa2VYYwpNeE5sdjFLdnBtWlNTTEZ0MEJBeFQvVW90c0srUk8rZXJ0bUhFdG5kUlJPNlBoSGhJZGJIaCt3cTg2ZnVNR0ZWCllKQ2QzdnF0OWZuNkpNVXk1MTVTUllGaXA4ck1Mc0p4WVBORXhZNkd1VTVvUURlclpoTzNWeWs2Z21FcHJSNC8KTEdzdGE3SEdlUGNGCi0tLS0tRU5EIENFUlRJRklDQVRFLS0tLS0K"
              }
            ],
            "cluster_id": null,
            "created_at": "2023-10-17 16:29:59.258 +0000 UTC",
            "enabled_cluster_log_types": [],
            "encryption_config": [],
            "endpoint": "https://F75D5A2297630A969B10A0A4C6E45534.gr7.us-east-1.eks.amazonaws.com",
            "id": "xyz-eks-cluster",
            "identity": [
              {
                "oidc": [
                  {
                    "issuer": "https://oidc.eks.us-east-1.amazonaws.com/id/F75D5A2297630A969B10A0A4C6E45534"
                  }
                ]
              }
            ],
            "kubernetes_network_config": [
              {
                "ip_family": "ipv4",
                "service_ipv4_cidr": "172.20.0.0/16",
                "service_ipv6_cidr": ""
              }
            ],
            "name": "xyz-eks-cluster",
            "outpost_config": [],
            "platform_version": "eks.6",
            "role_arn": "arn:aws:iam::910883278292:role/eks-cluster-role-tf2",
            "status": "ACTIVE",
            "tags": {},
            "tags_all": {},
            "timeouts": null,
            "version": "1.27",
            "vpc_config": [
              {
                "cluster_security_group_id": "sg-049a3fe4a254e4da5",
                "endpoint_private_access": false,
                "endpoint_public_access": true,
                "public_access_cidrs": [
                  "0.0.0.0/0"
                ],
                "security_group_ids": [],
                "subnet_ids": [
                  "subnet-035e4d4a3ed5f0506",
                  "subnet-0b2c0793e451c5413"
                ],
                "vpc_id": "vpc-038c10a0954fe80f0"
              }
            ]
          },
          "sensitive_attributes": [],
          "private": "eyJlMmJmYjczMC1lY2FhLTExZTYtOGY4OC0zNDM2M2JjN2M0YzAiOnsiY3JlYXRlIjoxODAwMDAwMDAwMDAwLCJkZWxldGUiOjkwMDAwMDAwMDAwMCwidXBkYXRlIjozNjAwMDAwMDAwMDAwfX0=",
          "dependencies": [
            "aws_iam_role.eks_cluster",
            "aws_subnet.private_subnet_az1",
            "aws_subnet.private_subnet_az2",
            "aws_vpc.main"
          ]
        }
      ]
    },
    {
      "mode": "managed",
      "type": "aws_iam_role",
      "name": "eks_cluster",
      "provider": "provider[\"registry.terraform.io/hashicorp/aws\"]",
      "instances": [
        {
          "schema_version": 0,
          "attributes": {
            "arn": "arn:aws:iam::910883278292:role/eks-cluster-role-tf2",
            "assume_role_policy": "{\"Statement\":[{\"Action\":\"sts:AssumeRole\",\"Effect\":\"Allow\",\"Principal\":{\"Service\":\"eks.amazonaws.com\"}}],\"Version\":\"2012-10-17\"}",
            "create_date": "2023-10-17T16:29:57Z",
            "description": "",
            "force_detach_policies": false,
            "id": "eks-cluster-role-tf2",
            "inline_policy": [],
            "managed_policy_arns": [],
            "max_session_duration": 3600,
            "name": "eks-cluster-role-tf2",
            "name_prefix": "",
            "path": "/",
            "permissions_boundary": null,
            "tags": {},
            "tags_all": {},
            "unique_id": "AROA5IFG7ZXKEU7KFBM2A"
          },
          "sensitive_attributes": [],
          "private": "bnVsbA=="
        }
      ]
    },
    {
      "mode": "managed",
      "type": "aws_subnet",
      "name": "private_subnet_az1",
      "provider": "provider[\"registry.terraform.io/hashicorp/aws\"]",
      "instances": [
        {
          "schema_version": 1,
          "attributes": {
            "arn": "arn:aws:ec2:us-east-1:910883278292:subnet/subnet-035e4d4a3ed5f0506",
            "assign_ipv6_address_on_creation": false,
            "availability_zone": "us-east-1a",
            "availability_zone_id": "use1-az4",
            "cidr_block": "10.0.1.0/24",
            "customer_owned_ipv4_pool": "",
            "enable_dns64": false,
            "enable_lni_at_device_index": 0,
            "enable_resource_name_dns_a_record_on_launch": false,
            "enable_resource_name_dns_aaaa_record_on_launch": false,
            "id": "subnet-035e4d4a3ed5f0506",
            "ipv6_cidr_block": "",
            "ipv6_cidr_block_association_id": "",
            "ipv6_native": false,
            "map_customer_owned_ip_on_launch": false,
            "map_public_ip_on_launch": false,
            "outpost_arn": "",
            "owner_id": "910883278292",
            "private_dns_hostname_type_on_launch": "ip-name",
            "tags": {
              "Name": "private-subnet-us-east-1a"
            },
            "tags_all": {
              "Name": "private-subnet-us-east-1a"
            },
            "timeouts": null,
            "vpc_id": "vpc-038c10a0954fe80f0"
          },
          "sensitive_attributes": [],
          "private": "eyJlMmJmYjczMC1lY2FhLTExZTYtOGY4OC0zNDM2M2JjN2M0YzAiOnsiY3JlYXRlIjo2MDAwMDAwMDAwMDAsImRlbGV0ZSI6MTIwMDAwMDAwMDAwMH0sInNjaGVtYV92ZXJzaW9uIjoiMSJ9",
          "dependencies": [
            "aws_vpc.main"
          ]
        }
      ]
    },
    {
      "mode": "managed",
      "type": "aws_subnet",
      "name": "private_subnet_az2",
      "provider": "provider[\"registry.terraform.io/hashicorp/aws\"]",
      "instances": [
        {
          "schema_version": 1,
          "attributes": {
            "arn": "arn:aws:ec2:us-east-1:910883278292:subnet/subnet-0b2c0793e451c5413",
            "assign_ipv6_address_on_creation": false,
            "availability_zone": "us-east-1b",
            "availability_zone_id": "use1-az6",
            "cidr_block": "10.0.2.0/24",
            "customer_owned_ipv4_pool": "",
            "enable_dns64": false,
            "enable_lni_at_device_index": 0,
            "enable_resource_name_dns_a_record_on_launch": false,
            "enable_resource_name_dns_aaaa_record_on_launch": false,
            "id": "subnet-0b2c0793e451c5413",
            "ipv6_cidr_block": "",
            "ipv6_cidr_block_association_id": "",
            "ipv6_native": false,
            "map_customer_owned_ip_on_launch": false,
            "map_public_ip_on_launch": false,
            "outpost_arn": "",
            "owner_id": "910883278292",
            "private_dns_hostname_type_on_launch": "ip-name",
            "tags": {
              "Name": "private-subnet-us-east-1b"
            },
            "tags_all": {
              "Name": "private-subnet-us-east-1b"
            },
            "timeouts": null,
            "vpc_id": "vpc-038c10a0954fe80f0"
          },
          "sensitive_attributes": [],
          "private": "eyJlMmJmYjczMC1lY2FhLTExZTYtOGY4OC0zNDM2M2JjN2M0YzAiOnsiY3JlYXRlIjo2MDAwMDAwMDAwMDAsImRlbGV0ZSI6MTIwMDAwMDAwMDAwMH0sInNjaGVtYV92ZXJzaW9uIjoiMSJ9",
          "dependencies": [
            "aws_vpc.main"
          ]
        }
      ]
    },
    {
      "mode": "managed",
      "type": "aws_vpc",
      "name": "main",
      "provider": "provider[\"registry.terraform.io/hashicorp/aws\"]",
      "instances": [
        {
          "schema_version": 1,
          "attributes": {
            "arn": "arn:aws:ec2:us-east-1:910883278292:vpc/vpc-038c10a0954fe80f0",
            "assign_generated_ipv6_cidr_block": false,
            "cidr_block": "10.0.0.0/16",
            "default_network_acl_id": "acl-0add3048a76186a80",
            "default_route_table_id": "rtb-0aea7d84f97a6c0af",
            "default_security_group_id": "sg-07c5b8124727996b9",
            "dhcp_options_id": "dopt-0bcf8dca3b3aff03c",
            "enable_dns_hostnames": true,
            "enable_dns_support": true,
            "enable_network_address_usage_metrics": false,
            "id": "vpc-038c10a0954fe80f0",
            "instance_tenancy": "default",
            "ipv4_ipam_pool_id": null,
            "ipv4_netmask_length": null,
            "ipv6_association_id": "",
            "ipv6_cidr_block": "",
            "ipv6_cidr_block_network_border_group": "",
            "ipv6_ipam_pool_id": "",
            "ipv6_netmask_length": 0,
            "main_route_table_id": "rtb-0aea7d84f97a6c0af",
            "owner_id": "910883278292",
            "tags": {
              "Name": "main-vpc"
            },
            "tags_all": {
              "Name": "main-vpc"
            }
          },
          "sensitive_attributes": [],
          "private": "eyJzY2hlbWFfdmVyc2lvbiI6IjEifQ=="
        }
      ]
    }
  ],
  "check_results": null
}
